
Microsoft Visual Studio Solution File, Format Version 12.00
# Visual Studio Version 17
VisualStudioVersion = 17.4.33103.184
MinimumVisualStudioVersion = 10.0.40219.1
Project("{9A19103F-16F7-4668-BE54-9A1E7A4F7556}") = "Cooperchip.Observer.Mvc", "src\Cooperchip.Observer.Mvc\Cooperchip.Observer.Mvc.csproj", "{A260602F-0410-4067-ACD2-B92D31DCB1F3}"
EndProject
Project("{2150E333-8FDC-42A3-9474-1A3956D46DE8}") = "Application", "Application", "{7E9EFCDA-C78C-4D00-BCBA-C85D7640E7AA}"
EndProject
Project("{2150E333-8FDC-42A3-9474-1A3956D46DE8}") = "Domain", "Domain", "{B95B228E-42D8-4625-B325-418CFA6DEBD4}"
EndProject
Project("{2150E333-8FDC-42A3-9474-1A3956D46DE8}") = "Infra", "Infra", "{C3A97A17-E1EE-4497-B571-24F54977724E}"
EndProject
Project("{9A19103F-16F7-4668-BE54-9A1E7A4F7556}") = "Cooperchip.Observer.Domain", "src\Cooperchip.Observer.Domain\Cooperchip.Observer.Domain.csproj", "{1A4749EA-8675-489F-BB4F-13B6610881C7}"
EndProject
Project("{9A19103F-16F7-4668-BE54-9A1E7A4F7556}") = "Cooperchip.Observer.Infra", "src\Cooperchip.Observer.Infra\Cooperchip.Observer.Infra.csproj", "{1E3A7258-5071-4E41-B50D-7604554D21E1}"
EndProject
Global
	GlobalSection(SolutionConfigurationPlatforms) = preSolution
		Debug|Any CPU = Debug|Any CPU
		Release|Any CPU = Release|Any CPU
	EndGlobalSection
	GlobalSection(ProjectConfigurationPlatforms) = postSolution
		{A260602F-0410-4067-ACD2-B92D31DCB1F3}.Debug|Any CPU.ActiveCfg = Debug|Any CPU
		{A260602F-0410-4067-ACD2-B92D31DCB1F3}.Debug|Any CPU.Build.0 = Debug|Any CPU
		{A260602F-0410-4067-ACD2-B92D31DCB1F3}.Release|Any CPU.ActiveCfg = Release|Any CPU
		{A260602F-0410-4067-ACD2-B92D31DCB1F3}.Release|Any CPU.Build.0 = Release|Any CPU
		{1A4749EA-8675-489F-BB4F-13B6610881C7}.Debug|Any CPU.ActiveCfg = Debug|Any CPU
		{1A4749EA-8675-489F-BB4F-13B6610881C7}.Debug|Any CPU.Build.0 = Debug|Any CPU
		{1A4749EA-8675-489F-BB4F-13B6610881C7}.Release|Any CPU.ActiveCfg = Release|Any CPU
		{1A4749EA-8675-489F-BB4F-13B6610881C7}.Release|Any CPU.Build.0 = Release|Any CPU
		{1E3A7258-5071-4E41-B50D-7604554D21E1}.Debug|Any CPU.ActiveCfg = Debug|Any CPU
		{1E3A7258-5071-4E41-B50D-7604554D21E1}.Debug|Any CPU.Build.0 = Debug|Any CPU
		{1E3A7258-5071-4E41-B50D-7604554D21E1}.Release|Any CPU.ActiveCfg = Release|Any CPU
		{1E3A7258-5071-4E41-B50D-7604554D21E1}.Release|Any CPU.Build.0 = Release|Any CPU
	EndGlobalSection
	GlobalSection(SolutionProperties) = preSolution
		HideSolutionNode = FALSE
	EndGlobalSection
	GlobalSection(NestedProjects) = preSolution
		{A260602F-0410-4067-ACD2-B92D31DCB1F3} = {7E9EFCDA-C78C-4D00-BCBA-C85D7640E7AA}
		{1A4749EA-8675-489F-BB4F-13B6610881C7} = {B95B228E-42D8-4625-B325-418CFA6DEBD4}
		{1E3A7258-5071-4E41-B50D-7604554D21E1} = {C3A97A17-E1EE-4497-B571-24F54977724E}
	EndGlobalSection
	GlobalSection(ExtensibilityGlobals) = postSolution
		SolutionGuid = {EB8A3D6B-C2AE-438C-88D7-3B234F43BDD2}
	EndGlobalSection
EndGlobal
