
Microsoft Visual Studio Solution File, Format Version 12.00
# Visual Studio Version 17
VisualStudioVersion = 17.4.33103.184
MinimumVisualStudioVersion = 10.0.40219.1
Project("{2150E333-8FDC-42A3-9474-1A3956D46DE8}") = "Application", "Application", "{3121E5DA-111C-4177-8B50-A34A363C709F}"
EndProject
Project("{2150E333-8FDC-42A3-9474-1A3956D46DE8}") = "Domain", "Domain", "{D2FA7AF9-BB62-47C8-B77E-9785FFAE9A0A}"
EndProject
Project("{2150E333-8FDC-42A3-9474-1A3956D46DE8}") = "Infra", "Infra", "{AFBD84DF-DBF1-4DF2-A99C-4A570C21BD26}"
EndProject
Project("{9A19103F-16F7-4668-BE54-9A1E7A4F7556}") = "Cooperchip.Observer.Domain", "src\Cooperchip.Observer.Domain\Cooperchip.Observer.Domain.csproj", "{C8142E17-9BEC-41C8-8A3E-9B794FE7207D}"
EndProject
Project("{9A19103F-16F7-4668-BE54-9A1E7A4F7556}") = "Cooperchip.Observer.Mvc", "src\Cooperchip.Observer.Mvc\Cooperchip.Observer.Mvc.csproj", "{4E4C3BE4-5636-4BD0-9A2A-4DABEE94DB91}"
EndProject
Global
	GlobalSection(SolutionConfigurationPlatforms) = preSolution
		Debug|Any CPU = Debug|Any CPU
		Release|Any CPU = Release|Any CPU
	EndGlobalSection
	GlobalSection(ProjectConfigurationPlatforms) = postSolution
		{C8142E17-9BEC-41C8-8A3E-9B794FE7207D}.Debug|Any CPU.ActiveCfg = Debug|Any CPU
		{C8142E17-9BEC-41C8-8A3E-9B794FE7207D}.Debug|Any CPU.Build.0 = Debug|Any CPU
		{C8142E17-9BEC-41C8-8A3E-9B794FE7207D}.Release|Any CPU.ActiveCfg = Release|Any CPU
		{C8142E17-9BEC-41C8-8A3E-9B794FE7207D}.Release|Any CPU.Build.0 = Release|Any CPU
		{4E4C3BE4-5636-4BD0-9A2A-4DABEE94DB91}.Debug|Any CPU.ActiveCfg = Debug|Any CPU
		{4E4C3BE4-5636-4BD0-9A2A-4DABEE94DB91}.Debug|Any CPU.Build.0 = Debug|Any CPU
		{4E4C3BE4-5636-4BD0-9A2A-4DABEE94DB91}.Release|Any CPU.ActiveCfg = Release|Any CPU
		{4E4C3BE4-5636-4BD0-9A2A-4DABEE94DB91}.Release|Any CPU.Build.0 = Release|Any CPU
	EndGlobalSection
	GlobalSection(SolutionProperties) = preSolution
		HideSolutionNode = FALSE
	EndGlobalSection
	GlobalSection(NestedProjects) = preSolution
		{C8142E17-9BEC-41C8-8A3E-9B794FE7207D} = {D2FA7AF9-BB62-47C8-B77E-9785FFAE9A0A}
		{4E4C3BE4-5636-4BD0-9A2A-4DABEE94DB91} = {3121E5DA-111C-4177-8B50-A34A363C709F}
	EndGlobalSection
	GlobalSection(ExtensibilityGlobals) = postSolution
		SolutionGuid = {AE5A0E5F-59E9-4841-AC07-41D94C98EC55}
	EndGlobalSection
EndGlobal
